
Microsoft Visual Studio Solution File, Format Version 12.00
# Visual Studio 2012
Project("{FAE04EC0-301F-11D3-BF4B-00C04F79EFBC}") = "1.School", "1.School\1.School.csproj", "{04485021-A10C-41FF-AEA5-E5631A2EEC9B}"
EndProject
Project("{FAE04EC0-301F-11D3-BF4B-00C04F79EFBC}") = "2.HumansTask", "2.HumansTask\2.HumansTask.csproj", "{8FBF3C90-C839-4F7B-8D7B-E0C0A142E95E}"
EndProject
Project("{FAE04EC0-301F-11D3-BF4B-00C04F79EFBC}") = "3.AllAnimals", "3.AllAnimals\3.AllAnimals.csproj", "{11B5F701-0341-4D99-9C37-9B730A0399A2}"
EndProject
Global
	GlobalSection(SolutionConfigurationPlatforms) = preSolution
		Debug|Any CPU = Debug|Any CPU
		Release|Any CPU = Release|Any CPU
	EndGlobalSection
	GlobalSection(ProjectConfigurationPlatforms) = postSolution
		{04485021-A10C-41FF-AEA5-E5631A2EEC9B}.Debug|Any CPU.ActiveCfg = Debug|Any CPU
		{04485021-A10C-41FF-AEA5-E5631A2EEC9B}.Debug|Any CPU.Build.0 = Debug|Any CPU
		{04485021-A10C-41FF-AEA5-E5631A2EEC9B}.Release|Any CPU.ActiveCfg = Release|Any CPU
		{04485021-A10C-41FF-AEA5-E5631A2EEC9B}.Release|Any CPU.Build.0 = Release|Any CPU
		{8FBF3C90-C839-4F7B-8D7B-E0C0A142E95E}.Debug|Any CPU.ActiveCfg = Debug|Any CPU
		{8FBF3C90-C839-4F7B-8D7B-E0C0A142E95E}.Debug|Any CPU.Build.0 = Debug|Any CPU
		{8FBF3C90-C839-4F7B-8D7B-E0C0A142E95E}.Release|Any CPU.ActiveCfg = Release|Any CPU
		{8FBF3C90-C839-4F7B-8D7B-E0C0A142E95E}.Release|Any CPU.Build.0 = Release|Any CPU
		{11B5F701-0341-4D99-9C37-9B730A0399A2}.Debug|Any CPU.ActiveCfg = Debug|Any CPU
		{11B5F701-0341-4D99-9C37-9B730A0399A2}.Debug|Any CPU.Build.0 = Debug|Any CPU
		{11B5F701-0341-4D99-9C37-9B730A0399A2}.Release|Any CPU.ActiveCfg = Release|Any CPU
		{11B5F701-0341-4D99-9C37-9B730A0399A2}.Release|Any CPU.Build.0 = Release|Any CPU
	EndGlobalSection
	GlobalSection(SolutionProperties) = preSolution
		HideSolutionNode = FALSE
	EndGlobalSection
EndGlobal
